PODS:
  - Applozic (7.11.1):
    - SDWebImage (~> 5.9.2)
  - applozic_flutter (0.0.1):
    - ApplozicSwift (~> 5.11.1)
    - Flutter
  - ApplozicSwift (5.11.1):
    - ApplozicSwift/Complete (= 5.11.1)
  - ApplozicSwift/Complete (5.11.1):
    - Applozic (~> 7.11.0)
    - ApplozicSwift/RichMessageKit
    - Kingfisher (~> 5.14.0)
    - MGSwipeTableCell (~> 1.6.11)
  - ApplozicSwift/RichMessageKit (5.11.1)
  - Flutter (1.0.0)
  - Kingfisher (5.14.1):
    - Kingfisher/Core (= 5.14.1)
  - Kingfisher/Core (5.14.1)
  - MGSwipeTableCell (1.6.11)
  - SDWebImage (5.9.5):
    - SDWebImage/Core (= 5.9.5)
  - SDWebImage/Core (5.9.5)

DEPENDENCIES:
  - applozic_flutter (from `.symlinks/plugins/applozic_flutter/ios`)
  - Flutter (from `Flutter`)

SPEC REPOS:
  trunk:
    - Applozic
    - ApplozicSwift
    - Kingfisher
    - MGSwipeTableCell
    - SDWebImage

EXTERNAL SOURCES:
  applozic_flutter:
    :path: ".symlinks/plugins/applozic_flutter/ios"
  Flutter:
    :path: Flutter

SPEC CHECKSUMS:
  Applozic: 673eba55f167f1b06004ec8f959b356d3a59af66
  applozic_flutter: f006d5b3aa527bf7b24f2e78782ae9a23347fba0
  ApplozicSwift: 3fd390c1d7b7187de5700e9fe900d1bffc61080d
  Flutter: 434fef37c0980e73bb6479ef766c45957d4b510c
  Kingfisher: 8050bc6f7f68cbf3908bd04df7ccbac188f6d6d6
  MGSwipeTableCell: b804e4e450dee439c42250be90bd50458bf67fce
  SDWebImage: 0b2ba0d56479bf6a45ecddbfd5558bea93150d25

PODFILE CHECKSUM: fe0e1ee7f3d1f7d00b11b474b62dd62134535aea

COCOAPODS: 1.10.1
